
Microsoft Visual Studio Solution File, Format Version 12.00
# Visual Studio Version 17
VisualStudioVersion = 17.9.34622.214
MinimumVisualStudioVersion = 10.0.40219.1
Project("{9A19103F-16F7-4668-BE54-9A1E7A4F7556}") = "Polimorfismo.ConceptosBasicos", "Polimorfismo.ConceptosBasicos\Polimorfismo.ConceptosBasicos.csproj", "{9A7635E2-B635-4FB0-BFEB-A794B0F9A1E1}"
EndProject
Project("{9A19103F-16F7-4668-BE54-9A1E7A4F7556}") = "Polimorfismo.PolimorfismoDeInclusion", "Polimorfismo.PolimorfismoDeInclusion\Polimorfismo.PolimorfismoDeInclusion.csproj", "{71F58B3A-0987-48E1-A3C2-B4AD3F33C9EE}"
EndProject
Project("{FAE04EC0-301F-11D3-BF4B-00C04F79EFBC}") = "DemoInterfaces", "DemoInterfaces\DemoInterfaces.csproj", "{ED24BB94-976B-4502-BCBA-443A6640DF92}"
EndProject
Global
	GlobalSection(SolutionConfigurationPlatforms) = preSolution
		Debug|Any CPU = Debug|Any CPU
		Release|Any CPU = Release|Any CPU
	EndGlobalSection
	GlobalSection(ProjectConfigurationPlatforms) = postSolution
		{9A7635E2-B635-4FB0-BFEB-A794B0F9A1E1}.Debug|Any CPU.ActiveCfg = Debug|Any CPU
		{9A7635E2-B635-4FB0-BFEB-A794B0F9A1E1}.Debug|Any CPU.Build.0 = Debug|Any CPU
		{9A7635E2-B635-4FB0-BFEB-A794B0F9A1E1}.Release|Any CPU.ActiveCfg = Release|Any CPU
		{9A7635E2-B635-4FB0-BFEB-A794B0F9A1E1}.Release|Any CPU.Build.0 = Release|Any CPU
		{71F58B3A-0987-48E1-A3C2-B4AD3F33C9EE}.Debug|Any CPU.ActiveCfg = Debug|Any CPU
		{71F58B3A-0987-48E1-A3C2-B4AD3F33C9EE}.Debug|Any CPU.Build.0 = Debug|Any CPU
		{71F58B3A-0987-48E1-A3C2-B4AD3F33C9EE}.Release|Any CPU.ActiveCfg = Release|Any CPU
		{71F58B3A-0987-48E1-A3C2-B4AD3F33C9EE}.Release|Any CPU.Build.0 = Release|Any CPU
		{ED24BB94-976B-4502-BCBA-443A6640DF92}.Debug|Any CPU.ActiveCfg = Debug|Any CPU
		{ED24BB94-976B-4502-BCBA-443A6640DF92}.Debug|Any CPU.Build.0 = Debug|Any CPU
		{ED24BB94-976B-4502-BCBA-443A6640DF92}.Release|Any CPU.ActiveCfg = Release|Any CPU
		{ED24BB94-976B-4502-BCBA-443A6640DF92}.Release|Any CPU.Build.0 = Release|Any CPU
	EndGlobalSection
	GlobalSection(SolutionProperties) = preSolution
		HideSolutionNode = FALSE
	EndGlobalSection
	GlobalSection(ExtensibilityGlobals) = postSolution
		SolutionGuid = {0F010D19-4BF8-4928-BE70-60BF008BDEB2}
	EndGlobalSection
EndGlobal
